
Microsoft Visual Studio Solution File, Format Version 11.00
# Visual Studio 2010
Project("{FAE04EC0-301F-11D3-BF4B-00C04F79EFBC}") = "UnityEngine.TestRunner", "UnityEngine.TestRunner.csproj", "{0278dc00-1189-2df5-1124-4e7fa67205db}"
EndProject
Project("{FAE04EC0-301F-11D3-BF4B-00C04F79EFBC}") = "Unity.Timeline", "Unity.Timeline.csproj", "{01b5ec1e-afe0-df0e-8fbc-df76388950ec}"
EndProject
Project("{FAE04EC0-301F-11D3-BF4B-00C04F79EFBC}") = "UnityEngine.UI", "UnityEngine.UI.csproj", "{b3bf0928-2aa3-ab50-261b-bad28427241a}"
EndProject
Project("{FAE04EC0-301F-11D3-BF4B-00C04F79EFBC}") = "Unity.TextMeshPro", "Unity.TextMeshPro.csproj", "{308e45a6-c9c6-4e8f-94c8-760422be6a51}"
EndProject
Project("{FAE04EC0-301F-11D3-BF4B-00C04F79EFBC}") = "Assembly-CSharp", "Assembly-CSharp.csproj", "{e491d249-41e4-2fa7-58ea-5f7b432d1aeb}"
EndProject
Project("{FAE04EC0-301F-11D3-BF4B-00C04F79EFBC}") = "UnityEditor.TestRunner", "UnityEditor.TestRunner.csproj", "{07fb9085-9ae2-300a-4d0f-64ab070d44c7}"
EndProject
Project("{FAE04EC0-301F-11D3-BF4B-00C04F79EFBC}") = "Unity.PlasticSCM.Editor", "Unity.PlasticSCM.Editor.csproj", "{a92a6a43-e1e6-eb83-438d-14f0f8cd8016}"
EndProject
Project("{FAE04EC0-301F-11D3-BF4B-00C04F79EFBC}") = "UnityEditor.UI", "UnityEditor.UI.csproj", "{39d8775c-5f2d-b1e5-7eca-bb9a09c60770}"
EndProject
Project("{FAE04EC0-301F-11D3-BF4B-00C04F79EFBC}") = "Unity.Timeline.Editor", "Unity.Timeline.Editor.csproj", "{2774e5eb-1c6b-1b07-7e6e-b37a52b14384}"
EndProject
Project("{FAE04EC0-301F-11D3-BF4B-00C04F79EFBC}") = "Unity.VisualStudio.Editor", "Unity.VisualStudio.Editor.csproj", "{cc2ac723-f85e-e9d9-7051-a5afd290185a}"
EndProject
Project("{FAE04EC0-301F-11D3-BF4B-00C04F79EFBC}") = "Unity.TextMeshPro.Editor", "Unity.TextMeshPro.Editor.csproj", "{ad77956e-918f-6821-6b70-e1445eaf1637}"
EndProject
Project("{FAE04EC0-301F-11D3-BF4B-00C04F79EFBC}") = "Unity.CollabProxy.Editor", "Unity.CollabProxy.Editor.csproj", "{1817193e-f104-2e3e-09dd-7bc5bd925b10}"
EndProject
Project("{FAE04EC0-301F-11D3-BF4B-00C04F79EFBC}") = "Unity.Rider.Editor", "Unity.Rider.Editor.csproj", "{15507b2b-f039-9631-77d1-523146f5df58}"
EndProject
Project("{FAE04EC0-301F-11D3-BF4B-00C04F79EFBC}") = "Unity.VSCode.Editor", "Unity.VSCode.Editor.csproj", "{17066b40-eb5d-f62d-62a4-a5b653636cff}"
EndProject
Project("{FAE04EC0-301F-11D3-BF4B-00C04F79EFBC}") = "UnityEngine.TestRunner", "UnityEngine.TestRunner.Player.csproj", "{9b2b2b57-99e5-d99a-4adb-c6dcccba1ca7}"
EndProject
Project("{FAE04EC0-301F-11D3-BF4B-00C04F79EFBC}") = "Unity.Timeline", "Unity.Timeline.Player.csproj", "{1fdd7ad6-0171-677c-22a2-c2c07d821dc9}"
EndProject
Project("{FAE04EC0-301F-11D3-BF4B-00C04F79EFBC}") = "UnityEngine.UI", "UnityEngine.UI.Player.csproj", "{5053deac-606f-0034-afc2-4bcf74119694}"
EndProject
Project("{FAE04EC0-301F-11D3-BF4B-00C04F79EFBC}") = "Unity.TextMeshPro", "Unity.TextMeshPro.Player.csproj", "{8292b86c-847c-35c7-15cf-3efb0cdfc124}"
EndProject
Project("{FAE04EC0-301F-11D3-BF4B-00C04F79EFBC}") = "Assembly-CSharp", "Assembly-CSharp.Player.csproj", "{7b29faa2-39bb-aacd-a447-0e1d339cf1b8}"
EndProject
Global
	GlobalSection(SolutionConfigurationPlatforms) = preSolution
		Debug|Any CPU = Debug|Any CPU
		Release|Any CPU = Release|Any CPU
	EndGlobalSection
	GlobalSection(ProjectConfigurationPlatforms) = postSolution
		{0278dc00-1189-2df5-1124-4e7fa67205db}.Debug|Any CPU.ActiveCfg = Debug|Any CPU
		{0278dc00-1189-2df5-1124-4e7fa67205db}.Debug|Any CPU.Build.0 = Debug|Any CPU
		{0278dc00-1189-2df5-1124-4e7fa67205db}.Release|Any CPU.ActiveCfg = Release|Any CPU
		{0278dc00-1189-2df5-1124-4e7fa67205db}.Release|Any CPU.Build.0 = Release|Any CPU
		{01b5ec1e-afe0-df0e-8fbc-df76388950ec}.Debug|Any CPU.ActiveCfg = Debug|Any CPU
		{01b5ec1e-afe0-df0e-8fbc-df76388950ec}.Debug|Any CPU.Build.0 = Debug|Any CPU
		{01b5ec1e-afe0-df0e-8fbc-df76388950ec}.Release|Any CPU.ActiveCfg = Release|Any CPU
		{01b5ec1e-afe0-df0e-8fbc-df76388950ec}.Release|Any CPU.Build.0 = Release|Any CPU
		{b3bf0928-2aa3-ab50-261b-bad28427241a}.Debug|Any CPU.ActiveCfg = Debug|Any CPU
		{b3bf0928-2aa3-ab50-261b-bad28427241a}.Debug|Any CPU.Build.0 = Debug|Any CPU
		{b3bf0928-2aa3-ab50-261b-bad28427241a}.Release|Any CPU.ActiveCfg = Release|Any CPU
		{b3bf0928-2aa3-ab50-261b-bad28427241a}.Release|Any CPU.Build.0 = Release|Any CPU
		{308e45a6-c9c6-4e8f-94c8-760422be6a51}.Debug|Any CPU.ActiveCfg = Debug|Any CPU
		{308e45a6-c9c6-4e8f-94c8-760422be6a51}.Debug|Any CPU.Build.0 = Debug|Any CPU
		{308e45a6-c9c6-4e8f-94c8-760422be6a51}.Release|Any CPU.ActiveCfg = Release|Any CPU
		{308e45a6-c9c6-4e8f-94c8-760422be6a51}.Release|Any CPU.Build.0 = Release|Any CPU
		{e491d249-41e4-2fa7-58ea-5f7b432d1aeb}.Debug|Any CPU.ActiveCfg = Debug|Any CPU
		{e491d249-41e4-2fa7-58ea-5f7b432d1aeb}.Debug|Any CPU.Build.0 = Debug|Any CPU
		{e491d249-41e4-2fa7-58ea-5f7b432d1aeb}.Release|Any CPU.ActiveCfg = Release|Any CPU
		{e491d249-41e4-2fa7-58ea-5f7b432d1aeb}.Release|Any CPU.Build.0 = Release|Any CPU
		{07fb9085-9ae2-300a-4d0f-64ab070d44c7}.Debug|Any CPU.ActiveCfg = Debug|Any CPU
		{07fb9085-9ae2-300a-4d0f-64ab070d44c7}.Debug|Any CPU.Build.0 = Debug|Any CPU
		{07fb9085-9ae2-300a-4d0f-64ab070d44c7}.Release|Any CPU.ActiveCfg = Release|Any CPU
		{07fb9085-9ae2-300a-4d0f-64ab070d44c7}.Release|Any CPU.Build.0 = Release|Any CPU
		{a92a6a43-e1e6-eb83-438d-14f0f8cd8016}.Debug|Any CPU.ActiveCfg = Debug|Any CPU
		{a92a6a43-e1e6-eb83-438d-14f0f8cd8016}.Debug|Any CPU.Build.0 = Debug|Any CPU
		{a92a6a43-e1e6-eb83-438d-14f0f8cd8016}.Release|Any CPU.ActiveCfg = Release|Any CPU
		{a92a6a43-e1e6-eb83-438d-14f0f8cd8016}.Release|Any CPU.Build.0 = Release|Any CPU
		{39d8775c-5f2d-b1e5-7eca-bb9a09c60770}.Debug|Any CPU.ActiveCfg = Debug|Any CPU
		{39d8775c-5f2d-b1e5-7eca-bb9a09c60770}.Debug|Any CPU.Build.0 = Debug|Any CPU
		{39d8775c-5f2d-b1e5-7eca-bb9a09c60770}.Release|Any CPU.ActiveCfg = Release|Any CPU
		{39d8775c-5f2d-b1e5-7eca-bb9a09c60770}.Release|Any CPU.Build.0 = Release|Any CPU
		{2774e5eb-1c6b-1b07-7e6e-b37a52b14384}.Debug|Any CPU.ActiveCfg = Debug|Any CPU
		{2774e5eb-1c6b-1b07-7e6e-b37a52b14384}.Debug|Any CPU.Build.0 = Debug|Any CPU
		{2774e5eb-1c6b-1b07-7e6e-b37a52b14384}.Release|Any CPU.ActiveCfg = Release|Any CPU
		{2774e5eb-1c6b-1b07-7e6e-b37a52b14384}.Release|Any CPU.Build.0 = Release|Any CPU
		{cc2ac723-f85e-e9d9-7051-a5afd290185a}.Debug|Any CPU.ActiveCfg = Debug|Any CPU
		{cc2ac723-f85e-e9d9-7051-a5afd290185a}.Debug|Any CPU.Build.0 = Debug|Any CPU
		{cc2ac723-f85e-e9d9-7051-a5afd290185a}.Release|Any CPU.ActiveCfg = Release|Any CPU
		{cc2ac723-f85e-e9d9-7051-a5afd290185a}.Release|Any CPU.Build.0 = Release|Any CPU
		{ad77956e-918f-6821-6b70-e1445eaf1637}.Debug|Any CPU.ActiveCfg = Debug|Any CPU
		{ad77956e-918f-6821-6b70-e1445eaf1637}.Debug|Any CPU.Build.0 = Debug|Any CPU
		{ad77956e-918f-6821-6b70-e1445eaf1637}.Release|Any CPU.ActiveCfg = Release|Any CPU
		{ad77956e-918f-6821-6b70-e1445eaf1637}.Release|Any CPU.Build.0 = Release|Any CPU
		{1817193e-f104-2e3e-09dd-7bc5bd925b10}.Debug|Any CPU.ActiveCfg = Debug|Any CPU
		{1817193e-f104-2e3e-09dd-7bc5bd925b10}.Debug|Any CPU.Build.0 = Debug|Any CPU
		{1817193e-f104-2e3e-09dd-7bc5bd925b10}.Release|Any CPU.ActiveCfg = Release|Any CPU
		{1817193e-f104-2e3e-09dd-7bc5bd925b10}.Release|Any CPU.Build.0 = Release|Any CPU
		{15507b2b-f039-9631-77d1-523146f5df58}.Debug|Any CPU.ActiveCfg = Debug|Any CPU
		{15507b2b-f039-9631-77d1-523146f5df58}.Debug|Any CPU.Build.0 = Debug|Any CPU
		{15507b2b-f039-9631-77d1-523146f5df58}.Release|Any CPU.ActiveCfg = Release|Any CPU
		{15507b2b-f039-9631-77d1-523146f5df58}.Release|Any CPU.Build.0 = Release|Any CPU
		{17066b40-eb5d-f62d-62a4-a5b653636cff}.Debug|Any CPU.ActiveCfg = Debug|Any CPU
		{17066b40-eb5d-f62d-62a4-a5b653636cff}.Debug|Any CPU.Build.0 = Debug|Any CPU
		{17066b40-eb5d-f62d-62a4-a5b653636cff}.Release|Any CPU.ActiveCfg = Release|Any CPU
		{17066b40-eb5d-f62d-62a4-a5b653636cff}.Release|Any CPU.Build.0 = Release|Any CPU
		{9b2b2b57-99e5-d99a-4adb-c6dcccba1ca7}.Debug|Any CPU.ActiveCfg = Debug|Any CPU
		{9b2b2b57-99e5-d99a-4adb-c6dcccba1ca7}.Debug|Any CPU.Build.0 = Debug|Any CPU
		{9b2b2b57-99e5-d99a-4adb-c6dcccba1ca7}.Release|Any CPU.ActiveCfg = Release|Any CPU
		{9b2b2b57-99e5-d99a-4adb-c6dcccba1ca7}.Release|Any CPU.Build.0 = Release|Any CPU
		{1fdd7ad6-0171-677c-22a2-c2c07d821dc9}.Debug|Any CPU.ActiveCfg = Debug|Any CPU
		{1fdd7ad6-0171-677c-22a2-c2c07d821dc9}.Debug|Any CPU.Build.0 = Debug|Any CPU
		{1fdd7ad6-0171-677c-22a2-c2c07d821dc9}.Release|Any CPU.ActiveCfg = Release|Any CPU
		{1fdd7ad6-0171-677c-22a2-c2c07d821dc9}.Release|Any CPU.Build.0 = Release|Any CPU
		{5053deac-606f-0034-afc2-4bcf74119694}.Debug|Any CPU.ActiveCfg = Debug|Any CPU
		{5053deac-606f-0034-afc2-4bcf74119694}.Debug|Any CPU.Build.0 = Debug|Any CPU
		{5053deac-606f-0034-afc2-4bcf74119694}.Release|Any CPU.ActiveCfg = Release|Any CPU
		{5053deac-606f-0034-afc2-4bcf74119694}.Release|Any CPU.Build.0 = Release|Any CPU
		{8292b86c-847c-35c7-15cf-3efb0cdfc124}.Debug|Any CPU.ActiveCfg = Debug|Any CPU
		{8292b86c-847c-35c7-15cf-3efb0cdfc124}.Debug|Any CPU.Build.0 = Debug|Any CPU
		{8292b86c-847c-35c7-15cf-3efb0cdfc124}.Release|Any CPU.ActiveCfg = Release|Any CPU
		{8292b86c-847c-35c7-15cf-3efb0cdfc124}.Release|Any CPU.Build.0 = Release|Any CPU
		{7b29faa2-39bb-aacd-a447-0e1d339cf1b8}.Debug|Any CPU.ActiveCfg = Debug|Any CPU
		{7b29faa2-39bb-aacd-a447-0e1d339cf1b8}.Debug|Any CPU.Build.0 = Debug|Any CPU
		{7b29faa2-39bb-aacd-a447-0e1d339cf1b8}.Release|Any CPU.ActiveCfg = Release|Any CPU
		{7b29faa2-39bb-aacd-a447-0e1d339cf1b8}.Release|Any CPU.Build.0 = Release|Any CPU
	EndGlobalSection
	GlobalSection(SolutionProperties) = preSolution
		HideSolutionNode = FALSE
	EndGlobalSection
EndGlobal
